
Microsoft Visual Studio Solution File, Format Version 12.00
# Visual Studio Version 17
VisualStudioVersion = 17.2.32526.322
MinimumVisualStudioVersion = 10.0.40219.1
Project("{9A19103F-16F7-4668-BE54-9A1E7A4F7556}") = "SoftUni_01_01", "SoftUni_01\SoftUni_01_01.csproj", "{DB42DAF6-4581-4E3A-B881-A84DEE37BFC5}"
EndProject
Project("{9A19103F-16F7-4668-BE54-9A1E7A4F7556}") = "SoftUni_01_02", "SoftUni_01_02\SoftUni_01_02.csproj", "{6A53F1AF-5AB3-4A9A-94FC-AB97A391AA2C}"
EndProject
Project("{9A19103F-16F7-4668-BE54-9A1E7A4F7556}") = "SoftUni_01_03", "SoftUni_01_03\SoftUni_01_03.csproj", "{3E3F0E74-D5FE-4BBF-A32A-466AEF1AA84A}"
EndProject
Project("{9A19103F-16F7-4668-BE54-9A1E7A4F7556}") = "SoftUni_01_04", "SoftUni_01_04\SoftUni_01_04.csproj", "{863C26DB-36FC-4145-A64C-EE7812579008}"
EndProject
Project("{9A19103F-16F7-4668-BE54-9A1E7A4F7556}") = "SoftUni_01_05", "SoftUni_01_05\SoftUni_01_05.csproj", "{4C4E4FEA-62D2-4D72-ACFB-647B88CACF60}"
EndProject
Project("{9A19103F-16F7-4668-BE54-9A1E7A4F7556}") = "SoftUni_01_06", "SoftUni_01_06\SoftUni_01_06.csproj", "{CE4F7B13-6872-4EDC-A142-E809B35021EC}"
EndProject
Project("{FAE04EC0-301F-11D3-BF4B-00C04F79EFBC}") = "SoftUni_01_07", "SoftUni_01_07\SoftUni_01_07.csproj", "{A0FA17D1-6F17-437A-AFE8-40DABAB4B25F}"
EndProject
Project("{FAE04EC0-301F-11D3-BF4B-00C04F79EFBC}") = "SoftUni_01_08", "SoftUni_01_08\SoftUni_01_08.csproj", "{46B70F61-8D31-4E39-84F3-FD185118B35E}"
EndProject
Project("{FAE04EC0-301F-11D3-BF4B-00C04F79EFBC}") = "SoftUni_01_09", "SoftUni_01_09\SoftUni_01_09.csproj", "{F134D3B2-FBAB-447D-9C97-EF5C5895DC42}"
EndProject
Global
	GlobalSection(SolutionConfigurationPlatforms) = preSolution
		Debug|Any CPU = Debug|Any CPU
		Release|Any CPU = Release|Any CPU
	EndGlobalSection
	GlobalSection(ProjectConfigurationPlatforms) = postSolution
		{DB42DAF6-4581-4E3A-B881-A84DEE37BFC5}.Debug|Any CPU.ActiveCfg = Debug|Any CPU
		{DB42DAF6-4581-4E3A-B881-A84DEE37BFC5}.Debug|Any CPU.Build.0 = Debug|Any CPU
		{DB42DAF6-4581-4E3A-B881-A84DEE37BFC5}.Release|Any CPU.ActiveCfg = Release|Any CPU
		{DB42DAF6-4581-4E3A-B881-A84DEE37BFC5}.Release|Any CPU.Build.0 = Release|Any CPU
		{6A53F1AF-5AB3-4A9A-94FC-AB97A391AA2C}.Debug|Any CPU.ActiveCfg = Debug|Any CPU
		{6A53F1AF-5AB3-4A9A-94FC-AB97A391AA2C}.Debug|Any CPU.Build.0 = Debug|Any CPU
		{6A53F1AF-5AB3-4A9A-94FC-AB97A391AA2C}.Release|Any CPU.ActiveCfg = Release|Any CPU
		{6A53F1AF-5AB3-4A9A-94FC-AB97A391AA2C}.Release|Any CPU.Build.0 = Release|Any CPU
		{3E3F0E74-D5FE-4BBF-A32A-466AEF1AA84A}.Debug|Any CPU.ActiveCfg = Debug|Any CPU
		{3E3F0E74-D5FE-4BBF-A32A-466AEF1AA84A}.Debug|Any CPU.Build.0 = Debug|Any CPU
		{3E3F0E74-D5FE-4BBF-A32A-466AEF1AA84A}.Release|Any CPU.ActiveCfg = Release|Any CPU
		{3E3F0E74-D5FE-4BBF-A32A-466AEF1AA84A}.Release|Any CPU.Build.0 = Release|Any CPU
		{863C26DB-36FC-4145-A64C-EE7812579008}.Debug|Any CPU.ActiveCfg = Debug|Any CPU
		{863C26DB-36FC-4145-A64C-EE7812579008}.Debug|Any CPU.Build.0 = Debug|Any CPU
		{863C26DB-36FC-4145-A64C-EE7812579008}.Release|Any CPU.ActiveCfg = Release|Any CPU
		{863C26DB-36FC-4145-A64C-EE7812579008}.Release|Any CPU.Build.0 = Release|Any CPU
		{4C4E4FEA-62D2-4D72-ACFB-647B88CACF60}.Debug|Any CPU.ActiveCfg = Debug|Any CPU
		{4C4E4FEA-62D2-4D72-ACFB-647B88CACF60}.Debug|Any CPU.Build.0 = Debug|Any CPU
		{4C4E4FEA-62D2-4D72-ACFB-647B88CACF60}.Release|Any CPU.ActiveCfg = Release|Any CPU
		{4C4E4FEA-62D2-4D72-ACFB-647B88CACF60}.Release|Any CPU.Build.0 = Release|Any CPU
		{CE4F7B13-6872-4EDC-A142-E809B35021EC}.Debug|Any CPU.ActiveCfg = Debug|Any CPU
		{CE4F7B13-6872-4EDC-A142-E809B35021EC}.Debug|Any CPU.Build.0 = Debug|Any CPU
		{CE4F7B13-6872-4EDC-A142-E809B35021EC}.Release|Any CPU.ActiveCfg = Release|Any CPU
		{CE4F7B13-6872-4EDC-A142-E809B35021EC}.Release|Any CPU.Build.0 = Release|Any CPU
		{A0FA17D1-6F17-437A-AFE8-40DABAB4B25F}.Debug|Any CPU.ActiveCfg = Debug|Any CPU
		{A0FA17D1-6F17-437A-AFE8-40DABAB4B25F}.Debug|Any CPU.Build.0 = Debug|Any CPU
		{A0FA17D1-6F17-437A-AFE8-40DABAB4B25F}.Release|Any CPU.ActiveCfg = Release|Any CPU
		{A0FA17D1-6F17-437A-AFE8-40DABAB4B25F}.Release|Any CPU.Build.0 = Release|Any CPU
		{46B70F61-8D31-4E39-84F3-FD185118B35E}.Debug|Any CPU.ActiveCfg = Debug|Any CPU
		{46B70F61-8D31-4E39-84F3-FD185118B35E}.Debug|Any CPU.Build.0 = Debug|Any CPU
		{46B70F61-8D31-4E39-84F3-FD185118B35E}.Release|Any CPU.ActiveCfg = Release|Any CPU
		{46B70F61-8D31-4E39-84F3-FD185118B35E}.Release|Any CPU.Build.0 = Release|Any CPU
		{F134D3B2-FBAB-447D-9C97-EF5C5895DC42}.Debug|Any CPU.ActiveCfg = Debug|Any CPU
		{F134D3B2-FBAB-447D-9C97-EF5C5895DC42}.Debug|Any CPU.Build.0 = Debug|Any CPU
		{F134D3B2-FBAB-447D-9C97-EF5C5895DC42}.Release|Any CPU.ActiveCfg = Release|Any CPU
		{F134D3B2-FBAB-447D-9C97-EF5C5895DC42}.Release|Any CPU.Build.0 = Release|Any CPU
	EndGlobalSection
	GlobalSection(SolutionProperties) = preSolution
		HideSolutionNode = FALSE
	EndGlobalSection
	GlobalSection(ExtensibilityGlobals) = postSolution
		SolutionGuid = {1932042A-058D-44BD-8867-CC1091EEE362}
	EndGlobalSection
EndGlobal
